
Microsoft Visual Studio Solution File, Format Version 12.00
# Visual Studio Version 16
VisualStudioVersion = 16.0.32228.343
MinimumVisualStudioVersion = 10.0.40219.1
Project("{8BC9CEB8-8B4A-11D0-8D11-00A0C91BC942}") = "10,1", "10,1\10,1.vcxproj", "{92A3D6D1-21E3-48B4-9FB9-61BE0B444076}"
EndProject
Global
	GlobalSection(SolutionConfigurationPlatforms) = preSolution
		Debug|x64 = Debug|x64
		Debug|x86 = Debug|x86
		Release|x64 = Release|x64
		Release|x86 = Release|x86
	EndGlobalSection
	GlobalSection(ProjectConfigurationPlatforms) = postSolution
		{92A3D6D1-21E3-48B4-9FB9-61BE0B444076}.Debug|x64.ActiveCfg = Debug|x64
		{92A3D6D1-21E3-48B4-9FB9-61BE0B444076}.Debug|x64.Build.0 = Debug|x64
		{92A3D6D1-21E3-48B4-9FB9-61BE0B444076}.Debug|x86.ActiveCfg = Debug|Win32
		{92A3D6D1-21E3-48B4-9FB9-61BE0B444076}.Debug|x86.Build.0 = Debug|Win32
		{92A3D6D1-21E3-48B4-9FB9-61BE0B444076}.Release|x64.ActiveCfg = Release|x64
		{92A3D6D1-21E3-48B4-9FB9-61BE0B444076}.Release|x64.Build.0 = Release|x64
		{92A3D6D1-21E3-48B4-9FB9-61BE0B444076}.Release|x86.ActiveCfg = Release|Win32
		{92A3D6D1-21E3-48B4-9FB9-61BE0B444076}.Release|x86.Build.0 = Release|Win32
	EndGlobalSection
	GlobalSection(SolutionProperties) = preSolution
		HideSolutionNode = FALSE
	EndGlobalSection
	GlobalSection(ExtensibilityGlobals) = postSolution
		SolutionGuid = {3691D9DD-DFC2-4EBD-89CF-44F4FF7EF888}
	EndGlobalSection
EndGlobal
